
Microsoft Visual Studio Solution File, Format Version 12.00
# Visual Studio Version 17
VisualStudioVersion = 17.4.33213.308
MinimumVisualStudioVersion = 10.0.40219.1
Project("{9A19103F-16F7-4668-BE54-9A1E7A4F7556}") = "Rabbit.Publisher.Api", "Rabbit.Publisher.Api\Rabbit.Publisher.Api.csproj", "{476E4EAA-0255-47D8-86AB-C4CA6C95CF9E}"
EndProject
Project("{9A19103F-16F7-4668-BE54-9A1E7A4F7556}") = "Rabbit.Consumer", "Rabbit.Consumer\Rabbit.Consumer.csproj", "{33CB4210-635B-4DA6-B6D7-115986D9CF8E}"
EndProject
Project("{9A19103F-16F7-4668-BE54-9A1E7A4F7556}") = "Rabbit.Models", "Rabbit.Models\Rabbit.Models.csproj", "{C0DE1687-10C3-4CB6-A40B-144A85EA7E55}"
EndProject
Project("{9A19103F-16F7-4668-BE54-9A1E7A4F7556}") = "Rabbit.Repositories", "Rabbit.Repositories\Rabbit.Repositories.csproj", "{65819540-5CE5-44F5-973D-8141E2257722}"
EndProject
Project("{9A19103F-16F7-4668-BE54-9A1E7A4F7556}") = "Rabbit.Services", "Rabbit.Services\Rabbit.Services.csproj", "{D33DE20C-03F9-44BC-9E84-6544B6AE9515}"
EndProject
Global
	GlobalSection(SolutionConfigurationPlatforms) = preSolution
		Debug|Any CPU = Debug|Any CPU
		Release|Any CPU = Release|Any CPU
	EndGlobalSection
	GlobalSection(ProjectConfigurationPlatforms) = postSolution
		{476E4EAA-0255-47D8-86AB-C4CA6C95CF9E}.Debug|Any CPU.ActiveCfg = Debug|Any CPU
		{476E4EAA-0255-47D8-86AB-C4CA6C95CF9E}.Debug|Any CPU.Build.0 = Debug|Any CPU
		{476E4EAA-0255-47D8-86AB-C4CA6C95CF9E}.Release|Any CPU.ActiveCfg = Release|Any CPU
		{476E4EAA-0255-47D8-86AB-C4CA6C95CF9E}.Release|Any CPU.Build.0 = Release|Any CPU
		{33CB4210-635B-4DA6-B6D7-115986D9CF8E}.Debug|Any CPU.ActiveCfg = Debug|Any CPU
		{33CB4210-635B-4DA6-B6D7-115986D9CF8E}.Debug|Any CPU.Build.0 = Debug|Any CPU
		{33CB4210-635B-4DA6-B6D7-115986D9CF8E}.Release|Any CPU.ActiveCfg = Release|Any CPU
		{33CB4210-635B-4DA6-B6D7-115986D9CF8E}.Release|Any CPU.Build.0 = Release|Any CPU
		{C0DE1687-10C3-4CB6-A40B-144A85EA7E55}.Debug|Any CPU.ActiveCfg = Debug|Any CPU
		{C0DE1687-10C3-4CB6-A40B-144A85EA7E55}.Debug|Any CPU.Build.0 = Debug|Any CPU
		{C0DE1687-10C3-4CB6-A40B-144A85EA7E55}.Release|Any CPU.ActiveCfg = Release|Any CPU
		{C0DE1687-10C3-4CB6-A40B-144A85EA7E55}.Release|Any CPU.Build.0 = Release|Any CPU
		{65819540-5CE5-44F5-973D-8141E2257722}.Debug|Any CPU.ActiveCfg = Debug|Any CPU
		{65819540-5CE5-44F5-973D-8141E2257722}.Debug|Any CPU.Build.0 = Debug|Any CPU
		{65819540-5CE5-44F5-973D-8141E2257722}.Release|Any CPU.ActiveCfg = Release|Any CPU
		{65819540-5CE5-44F5-973D-8141E2257722}.Release|Any CPU.Build.0 = Release|Any CPU
		{D33DE20C-03F9-44BC-9E84-6544B6AE9515}.Debug|Any CPU.ActiveCfg = Debug|Any CPU
		{D33DE20C-03F9-44BC-9E84-6544B6AE9515}.Debug|Any CPU.Build.0 = Debug|Any CPU
		{D33DE20C-03F9-44BC-9E84-6544B6AE9515}.Release|Any CPU.ActiveCfg = Release|Any CPU
		{D33DE20C-03F9-44BC-9E84-6544B6AE9515}.Release|Any CPU.Build.0 = Release|Any CPU
	EndGlobalSection
	GlobalSection(SolutionProperties) = preSolution
		HideSolutionNode = FALSE
	EndGlobalSection
	GlobalSection(ExtensibilityGlobals) = postSolution
		SolutionGuid = {13207DFD-B0A2-4F37-8148-BDAD64D40FAD}
	EndGlobalSection
EndGlobal
